
Microsoft Visual Studio Solution File, Format Version 12.00
# Visual Studio Version 17
VisualStudioVersion = 17.6.33815.320
MinimumVisualStudioVersion = 10.0.40219.1
Project("{9A19103F-16F7-4668-BE54-9A1E7A4F7556}") = "FinalProjectGym_management", "FinalProjectGym_management.csproj", "{D0BE7079-B85A-443B-851D-13042A3C92B6}"
EndProject
Global
	GlobalSection(SolutionConfigurationPlatforms) = preSolution
		Debug|Any CPU = Debug|Any CPU
		Release|Any CPU = Release|Any CPU
	EndGlobalSection
	GlobalSection(ProjectConfigurationPlatforms) = postSolution
		{D0BE7079-B85A-443B-851D-13042A3C92B6}.Debug|Any CPU.ActiveCfg = Debug|Any CPU
		{D0BE7079-B85A-443B-851D-13042A3C92B6}.Debug|Any CPU.Build.0 = Debug|Any CPU
		{D0BE7079-B85A-443B-851D-13042A3C92B6}.Release|Any CPU.ActiveCfg = Release|Any CPU
		{D0BE7079-B85A-443B-851D-13042A3C92B6}.Release|Any CPU.Build.0 = Release|Any CPU
	EndGlobalSection
	GlobalSection(SolutionProperties) = preSolution
		HideSolutionNode = FALSE
	EndGlobalSection
	GlobalSection(ExtensibilityGlobals) = postSolution
		SolutionGuid = {F970FD7C-E568-4025-BE63-688B81619275}
	EndGlobalSection
EndGlobal
